// !$*UTF8*$!
{
	archiveVersion = 1;
	classes = {
	};
	objectVersion = 46;
	objects = {

/* Begin PBXBuildFile section */
		41D872DB1E1BEEE000A0C171 /* main.m in Sources */ = {isa = PBXBuildFile; fileRef = 41D872DA1E1BEEE000A0C171 /* main.m */; };
		41D872E41E1BEEE000A0C171 /* Main.storyboard in Resources */ = {isa = PBXBuildFile; fileRef = 41D872E21E1BEEE000A0C171 /* Main.storyboard */; };
		41D872E61E1BEEE000A0C171 /* Assets.xcassets in Resources */ = {isa = PBXBuildFile; fileRef = 41D872E51E1BEEE000A0C171 /* Assets.xcassets */; };
		41D872E91E1BEEE000A0C171 /* LaunchScreen.storyboard in Resources */ = {isa = PBXBuildFile; fileRef = 41D872E71E1BEEE000A0C171 /* LaunchScreen.storyboard */; };
		41D872F41E1BEEE000A0C171 /* _03__baisibudejieUITests.m in Sources */ = {isa = PBXBuildFile; fileRef = 41D872F31E1BEEE000A0C171 /* _03__baisibudejieUITests.m */; };
		41D873171E1BF16A00A0C171 /* AppDelegate.m in Sources */ = {isa = PBXBuildFile; fileRef = 41D873111E1BF16A00A0C171 /* AppDelegate.m */; };
		41D873181E1BF16A00A0C171 /* main.m in Sources */ = {isa = PBXBuildFile; fileRef = 41D873121E1BF16A00A0C171 /* main.m */; };
/* End PBXBuildFile section */

/* Begin PBXContainerItemProxy section */
		41D872F01E1BEEE000A0C171 /* PBXContainerItemProxy */ = {
			isa = PBXContainerItemProxy;
			containerPortal = 41D872CE1E1BEEE000A0C171 /* Project object */;
			proxyType = 1;
			remoteGlobalIDString = 41D872D51E1BEEE000A0C171;
			remoteInfo = "103--baisibudejie";
		};
/* End PBXContainerItemProxy section */

/* Begin PBXFileReference section */
		41D872D61E1BEEE000A0C171 /* 103--baisibudejie.app */ = {isa = PBXFileReference; explicitFileType = wrapper.application; includeInIndex = 0; path = "103--baisibudejie.app"; sourceTree = BUILT_PRODUCTS_DIR; };
		41D872DA1E1BEEE000A0C171 /* main.m */ = {isa = PBXFileReference; lastKnownFileType = sourcecode.c.objc; path = main.m; sourceTree = "<group>"; };
		41D872E31E1BEEE000A0C171 /* Base */ = {isa = PBXFileReference; lastKnownFileType = file.storyboard; name = Base; path = Base.lproj/Main.storyboard; sourceTree = "<group>"; };
		41D872E51E1BEEE000A0C171 /* Assets.xcassets */ = {isa = PBXFileReference; lastKnownFileType = folder.assetcatalog; path = Assets.xcassets; sourceTree = "<group>"; };
		41D872E81E1BEEE000A0C171 /* Base */ = {isa = PBXFileReference; lastKnownFileType = file.storyboard; name = Base; path = Base.lproj/LaunchScreen.storyboard; sourceTree = "<group>"; };
		41D872EA1E1BEEE000A0C171 /* Info.plist */ = {isa = PBXFileReference; lastKnownFileType = text.plist.xml; path = Info.plist; sourceTree = "<group>"; };
		41D872EF1E1BEEE000A0C171 /* 103--baisibudejieUITests.xctest */ = {isa = PBXFileReference; explicitFileType = wrapper.cfbundle; includeInIndex = 0; path = "103--baisibudejieUITests.xctest"; sourceTree = BUILT_PRODUCTS_DIR; };
		41D872F31E1BEEE000A0C171 /* _03__baisibudejieUITests.m */ = {isa = PBXFileReference; lastKnownFileType = sourcecode.c.objc; path = _03__baisibudejieUITests.m; sourceTree = "<group>"; };
		41D872F51E1BEEE000A0C171 /* Info.plist */ = {isa = PBXFileReference; lastKnownFileType = text.plist.xml; path = Info.plist; sourceTree = "<group>"; };
		41D873101E1BF16A00A0C171 /* AppDelegate.h */ = {isa = PBXFileReference; fileEncoding = 4; lastKnownFileType = sourcecode.c.h; path = AppDelegate.h; sourceTree = "<group>"; };
		41D873111E1BF16A00A0C171 /* AppDelegate.m */ = {isa = PBXFileReference; fileEncoding = 4; lastKnownFileType = sourcecode.c.objc; path = AppDelegate.m; sourceTree = "<group>"; };
		41D873121E1BF16A00A0C171 /* main.m */ = {isa = PBXFileReference; fileEncoding = 4; lastKnownFileType = sourcecode.c.objc; path = main.m; sourceTree = "<group>"; };
/* End PBXFileReference section */

/* Begin PBXFrameworksBuildPhase section */
		41D872D31E1BEEE000A0C171 /* Frameworks */ = {
			isa = PBXFrameworksBuildPhase;
			buildActionMask = 2147483647;
			files = (
			);
			runOnlyForDeploymentPostprocessing = 0;
		};
		41D872EC1E1BEEE000A0C171 /* Frameworks */ = {
			isa = PBXFrameworksBuildPhase;
			buildActionMask = 2147483647;
			files = (
			);
			runOnlyForDeploymentPostprocessing = 0;
		};
/* End PBXFrameworksBuildPhase section */

/* Begin PBXGroup section */
		41D872CD1E1BEEE000A0C171 = {
			isa = PBXGroup;
			children = (
				41D872D81E1BEEE000A0C171 /* 103--baisibudejie */,
				41D872F21E1BEEE000A0C171 /* 103--baisibudejieUITests */,
				41D872D71E1BEEE000A0C171 /* Products */,
			);
			sourceTree = "<group>";
		};
		41D872D71E1BEEE000A0C171 /* Products */ = {
			isa = PBXGroup;
			children = (
				41D872D61E1BEEE000A0C171 /* 103--baisibudejie.app */,
				41D872EF1E1BEEE000A0C171 /* 103--baisibudejieUITests.xctest */,
			);
			name = Products;
			sourceTree = "<group>";
		};
		41D872D81E1BEEE000A0C171 /* 103--baisibudejie */ = {
			isa = PBXGroup;
			children = (
				41D872FE1E1BF16A00A0C171 /* Classes */,
				41D872E21E1BEEE000A0C171 /* Main.storyboard */,
				41D872E51E1BEEE000A0C171 /* Assets.xcassets */,
				41D872E71E1BEEE000A0C171 /* LaunchScreen.storyboard */,
				41D872EA1E1BEEE000A0C171 /* Info.plist */,
				41D872D91E1BEEE000A0C171 /* Supporting Files */,
			);
			path = "103--baisibudejie";
			sourceTree = "<group>";
		};
		41D872D91E1BEEE000A0C171 /* Supporting Files */ = {
			isa = PBXGroup;
			children = (
				41D872DA1E1BEEE000A0C171 /* main.m */,
			);
			name = "Supporting Files";
			sourceTree = "<group>";
		};
		41D872F21E1BEEE000A0C171 /* 103--baisibudejieUITests */ = {
			isa = PBXGroup;
			children = (
				41D872F31E1BEEE000A0C171 /* _03__baisibudejieUITests.m */,
				41D872F51E1BEEE000A0C171 /* Info.plist */,
			);
			path = "103--baisibudejieUITests";
			sourceTree = "<group>";
		};
		41D872FE1E1BF16A00A0C171 /* Classes */ = {
			isa = PBXGroup;
			children = (
				41D872FF1E1BF16A00A0C171 /* Essence */,
				41D873031E1BF16A00A0C171 /* Friend */,
				41D873071E1BF16A00A0C171 /* Me */,
				41D8730B1E1BF16A00A0C171 /* New */,
				41D8730F1E1BF16A00A0C171 /* Other */,
				41D873131E1BF16A00A0C171 /* Publish */,
			);
			path = Classes;
			sourceTree = "<group>";
		};
		41D872FF1E1BF16A00A0C171 /* Essence */ = {
			isa = PBXGroup;
			children = (
				41D873001E1BF16A00A0C171 /* Controller */,
				41D873011E1BF16A00A0C171 /* Model */,
				41D873021E1BF16A00A0C171 /* View */,
			);
			path = Essence;
			sourceTree = "<group>";
		};
		41D873001E1BF16A00A0C171 /* Controller */ = {
			isa = PBXGroup;
			children = (
			);
			path = Controller;
			sourceTree = "<group>";
		};
		41D873011E1BF16A00A0C171 /* Model */ = {
			isa = PBXGroup;
			children = (
			);
			path = Model;
			sourceTree = "<group>";
		};
		41D873021E1BF16A00A0C171 /* View */ = {
			isa = PBXGroup;
			children = (
			);
			path = View;
			sourceTree = "<group>";
		};
		41D873031E1BF16A00A0C171 /* Friend */ = {
			isa = PBXGroup;
			children = (
				41D873041E1BF16A00A0C171 /* Controller */,
				41D873051E1BF16A00A0C171 /* Model */,
				41D873061E1BF16A00A0C171 /* View */,
			);
			path = Friend;
			sourceTree = "<group>";
		};
		41D873041E1BF16A00A0C171 /* Controller */ = {
			isa = PBXGroup;
			children = (
			);
			path = Controller;
			sourceTree = "<group>";
		};
		41D873051E1BF16A00A0C171 /* Model */ = {
			isa = PBXGroup;
			children = (
			);
			path = Model;
			sourceTree = "<group>";
		};
		41D873061E1BF16A00A0C171 /* View */ = {
			isa = PBXGroup;
			children = (
			);
			path = View;
			sourceTree = "<group>";
		};
		41D873071E1BF16A00A0C171 /* Me */ = {
			isa = PBXGroup;
			children = (
				41D873081E1BF16A00A0C171 /* Controller */,
				41D873091E1BF16A00A0C171 /* Model */,
				41D8730A1E1BF16A00A0C171 /* View */,
			);
			path = Me;
			sourceTree = "<group>";
		};
		41D873081E1BF16A00A0C171 /* Controller */ = {
			isa = PBXGroup;
			children = (
			);
			path = Controller;
			sourceTree = "<group>";
		};
		41D873091E1BF16A00A0C171 /* Model */ = {
			isa = PBXGroup;
			children = (
			);
			path = Model;
			sourceTree = "<group>";
		};
		41D8730A1E1BF16A00A0C171 /* View */ = {
			isa = PBXGroup;
			children = (
			);
			path = View;
			sourceTree = "<group>";
		};
		41D8730B1E1BF16A00A0C171 /* New */ = {
			isa = PBXGroup;
			children = (
				41D8730C1E1BF16A00A0C171 /* Controller */,
				41D8730D1E1BF16A00A0C171 /* Model */,
				41D8730E1E1BF16A00A0C171 /* View */,
			);
			path = New;
			sourceTree = "<group>";
		};
		41D8730C1E1BF16A00A0C171 /* Controller */ = {
			isa = PBXGroup;
			children = (
			);
			path = Controller;
			sourceTree = "<group>";
		};
		41D8730D1E1BF16A00A0C171 /* Model */ = {
			isa = PBXGroup;
			children = (
			);
			path = Model;
			sourceTree = "<group>";
		};
		41D8730E1E1BF16A00A0C171 /* View */ = {
			isa = PBXGroup;
			children = (
			);
			path = View;
			sourceTree = "<group>";
		};
		41D8730F1E1BF16A00A0C171 /* Other */ = {
			isa = PBXGroup;
			children = (
				41D873101E1BF16A00A0C171 /* AppDelegate.h */,
				41D873111E1BF16A00A0C171 /* AppDelegate.m */,
				41D873121E1BF16A00A0C171 /* main.m */,
			);
			path = Other;
			sourceTree = "<group>";
		};
		41D873131E1BF16A00A0C171 /* Publish */ = {
			isa = PBXGroup;
			children = (
				41D873141E1BF16A00A0C171 /* Controller */,
				41D873151E1BF16A00A0C171 /* Model */,
				41D873161E1BF16A00A0C171 /* View */,
			);
			path = Publish;
			sourceTree = "<group>";
		};
		41D873141E1BF16A00A0C171 /* Controller */ = {
			isa = PBXGroup;
			children = (
			);
			path = Controller;
			sourceTree = "<group>";
		};
		41D873151E1BF16A00A0C171 /* Model */ = {
			isa = PBXGroup;
			children = (
			);
			path = Model;
			sourceTree = "<group>";
		};
		41D873161E1BF16A00A0C171 /* View */ = {
			isa = PBXGroup;
			children = (
			);
			path = View;
			sourceTree = "<group>";
		};
/* End PBXGroup section */

/* Begin PBXNativeTarget section */
		41D872D51E1BEEE000A0C171 /* 103--baisibudejie */ = {
			isa = PBXNativeTarget;
			buildConfigurationList = 41D872F81E1BEEE000A0C171 /* Build configuration list for PBXNativeTarget "103--baisibudejie" */;
			buildPhases = (
				41D872D21E1BEEE000A0C171 /* Sources */,
				41D872D31E1BEEE000A0C171 /* Frameworks */,
				41D872D41E1BEEE000A0C171 /* Resources */,
			);
			buildRules = (
			);
			dependencies = (
			);
			name = "103--baisibudejie";
			productName = "103--baisibudejie";
			productReference = 41D872D61E1BEEE000A0C171 /* 103--baisibudejie.app */;
			productType = "com.apple.product-type.application";
		};
		41D872EE1E1BEEE000A0C171 /* 103--baisibudejieUITests */ = {
			isa = PBXNativeTarget;
			buildConfigurationList = 41D872FB1E1BEEE000A0C171 /* Build configuration list for PBXNativeTarget "103--baisibudejieUITests" */;
			buildPhases = (
				41D872EB1E1BEEE000A0C171 /* Sources */,
				41D872EC1E1BEEE000A0C171 /* Frameworks */,
				41D872ED1E1BEEE000A0C171 /* Resources */,
			);
			buildRules = (
			);
			dependencies = (
				41D872F11E1BEEE000A0C171 /* PBXTargetDependency */,
			);
			name = "103--baisibudejieUITests";
			productName = "103--baisibudejieUITests";
			productReference = 41D872EF1E1BEEE000A0C171 /* 103--baisibudejieUITests.xctest */;
			productType = "com.apple.product-type.bundle.ui-testing";
		};
/* End PBXNativeTarget section */

/* Begin PBXProject section */
		41D872CE1E1BEEE000A0C171 /* Project object */ = {
			isa = PBXProject;
			attributes = {
				LastUpgradeCheck = 0720;
				ORGANIZATIONNAME = czy;
				TargetAttributes = {
					41D872D51E1BEEE000A0C171 = {
						CreatedOnToolsVersion = 7.2.1;
						DevelopmentTeam = B22XRTBPSL;
					};
					41D872EE1E1BEEE000A0C171 = {
						CreatedOnToolsVersion = 7.2.1;
						DevelopmentTeam = B22XRTBPSL;
						TestTargetID = 41D872D51E1BEEE000A0C171;
					};
				};
			};
			buildConfigurationList = 41D872D11E1BEEE000A0C171 /* Build configuration list for PBXProject "103--baisibudejie" */;
			compatibilityVersion = "Xcode 3.2";
			developmentRegion = English;
			hasScannedForEncodings = 0;
			knownRegions = (
				en,
				Base,
			);
			mainGroup = 41D872CD1E1BEEE000A0C171;
			productRefGroup = 41D872D71E1BEEE000A0C171 /* Products */;
			projectDirPath = "";
			projectRoot = "";
			targets = (
				41D872D51E1BEEE000A0C171 /* 103--baisibudejie */,
				41D872EE1E1BEEE000A0C171 /* 103--baisibudejieUITests */,
			);
		};
/* End PBXProject section */

/* Begin PBXResourcesBuildPhase section */
		41D872D41E1BEEE000A0C171 /* Resources */ = {
			isa = PBXResourcesBuildPhase;
			buildActionMask = 2147483647;
			files = (
				41D872E91E1BEEE000A0C171 /* LaunchScreen.storyboard in Resources */,
				41D872E61E1BEEE000A0C171 /* Assets.xcassets in Resources */,
				41D872E41E1BEEE000A0C171 /* Main.storyboard in Resources */,
			);
			runOnlyForDeploymentPostprocessing = 0;
		};
		41D872ED1E1BEEE000A0C171 /* Resources */ = {
			isa = PBXResourcesBuildPhase;
			buildActionMask = 2147483647;
			files = (
			);
			runOnlyForDeploymentPostprocessing = 0;
		};
/* End PBXResourcesBuildPhase section */

/* Begin PBXSourcesBuildPhase section */
		41D872D21E1BEEE000A0C171 /* Sources */ = {
			isa = PBXSourcesBuildPhase;
			buildActionMask = 2147483647;
			files = (
				41D873181E1BF16A00A0C171 /* main.m in Sources */,
				41D873171E1BF16A00A0C171 /* AppDelegate.m in Sources */,
				41D872DB1E1BEEE000A0C171 /* main.m in Sources */,
			);
			runOnlyForDeploymentPostprocessing = 0;
		};
		41D872EB1E1BEEE000A0C171 /* Sources */ = {
			isa = PBXSourcesBuildPhase;
			buildActionMask = 2147483647;
			files = (
				41D872F41E1BEEE000A0C171 /* _03__baisibudejieUITests.m in Sources */,
			);
			runOnlyForDeploymentPostprocessing = 0;
		};
/* End PBXSourcesBuildPhase section */

/* Begin PBXTargetDependency section */
		41D872F11E1BEEE000A0C171 /* PBXTargetDependency */ = {
			isa = PBXTargetDependency;
			target = 41D872D51E1BEEE000A0C171 /* 103--baisibudejie */;
			targetProxy = 41D872F01E1BEEE000A0C171 /* PBXContainerItemProxy */;
		};
/* End PBXTargetDependency section */

/* Begin PBXVariantGroup section */
		41D872E21E1BEEE000A0C171 /* Main.storyboard */ = {
			isa = PBXVariantGroup;
			children = (
				41D872E31E1BEEE000A0C171 /* Base */,
			);
			name = Main.storyboard;
			sourceTree = "<group>";
		};
		41D872E71E1BEEE000A0C171 /* LaunchScreen.storyboard */ = {
			isa = PBXVariantGroup;
			children = (
				41D872E81E1BEEE000A0C171 /* Base */,
			);
			name = LaunchScreen.storyboard;
			sourceTree = "<group>";
		};
/* End PBXVariantGroup section */

/* Begin XCBuildConfiguration section */
		41D872F61E1BEEE000A0C171 /* Debug */ = {
			isa = XCBuildConfiguration;
			buildSettings = {
				ALWAYS_SEARCH_USER_PATHS = NO;
				CLANG_CXX_LANGUAGE_STANDARD = "gnu++0x";
				CLANG_CXX_LIBRARY = "libc++";
				CLANG_ENABLE_MODULES = YES;
				CLANG_ENABLE_OBJC_ARC = YES;
				CLANG_WARN_BOOL_CONVERSION = YES;
				CLANG_WARN_CONSTANT_CONVERSION = YES;
				CLANG_WARN_DIRECT_OBJC_ISA_USAGE = YES_ERROR;
				CLANG_WARN_EMPTY_BODY = YES;
				CLANG_WARN_ENUM_CONVERSION = YES;
				CLANG_WARN_INT_CONVERSION = YES;
				CLANG_WARN_OBJC_ROOT_CLASS = YES_ERROR;
				CLANG_WARN_UNREACHABLE_CODE = YES;
				CLANG_WARN__DUPLICATE_METHOD_MATCH = YES;
				"CODE_SIGN_IDENTITY[sdk=iphoneos*]" = "iPhone Developer";
				COPY_PHASE_STRIP = NO;
				DEBUG_INFORMATION_FORMAT = dwarf;
				ENABLE_STRICT_OBJC_MSGSEND = YES;
				ENABLE_TESTABILITY = YES;
				GCC_C_LANGUAGE_STANDARD = gnu99;
				GCC_DYNAMIC_NO_PIC = NO;
				GCC_NO_COMMON_BLOCKS = YES;
				GCC_OPTIMIZATION_LEVEL = 0;
				GCC_PREPROCESSOR_DEFINITIONS = (
					"DEBUG=1",
					"$(inherited)",
				);
				GCC_WARN_64_TO_32_BIT_CONVERSION = YES;
				GCC_WARN_ABOUT_RETURN_TYPE = YES_ERROR;
				GCC_WARN_UNDECLARED_SELECTOR = YES;
				GCC_WARN_UNINITIALIZED_AUTOS = YES_AGGRESSIVE;
				GCC_WARN_UNUSED_FUNCTION = YES;
				GCC_WARN_UNUSED_VARIABLE = YES;
				IPHONEOS_DEPLOYMENT_TARGET = 9.2;
				MTL_ENABLE_DEBUG_INFO = YES;
				ONLY_ACTIVE_ARCH = YES;
				SDKROOT = iphoneos;
				TARGETED_DEVICE_FAMILY = "1,2";
			};
			name = Debug;
		};
		41D872F71E1BEEE000A0C171 /* Release */ = {
			isa = XCBuildConfiguration;
			buildSettings = {
				ALWAYS_SEARCH_USER_PATHS = NO;
				CLANG_CXX_LANGUAGE_STANDARD = "gnu++0x";
				CLANG_CXX_LIBRARY = "libc++";
				CLANG_ENABLE_MODULES = YES;
				CLANG_ENABLE_OBJC_ARC = YES;
				CLANG_WARN_BOOL_CONVERSION = YES;
				CLANG_WARN_CONSTANT_CONVERSION = YES;
				CLANG_WARN_DIRECT_OBJC_ISA_USAGE = YES_ERROR;
				CLANG_WARN_EMPTY_BODY = YES;
				CLANG_WARN_ENUM_CONVERSION = YES;
				CLANG_WARN_INT_CONVERSION = YES;
				CLANG_WARN_OBJC_ROOT_CLASS = YES_ERROR;
				CLANG_WARN_UNREACHABLE_CODE = YES;
				CLANG_WARN__DUPLICATE_METHOD_MATCH = YES;
				"CODE_SIGN_IDENTITY[sdk=iphoneos*]" = "iPhone Developer";
				COPY_PHASE_STRIP = NO;
				DEBUG_INFORMATION_FORMAT = "dwarf-with-dsym";
				ENABLE_NS_ASSERTIONS = NO;
				ENABLE_STRICT_OBJC_MSGSEND = YES;
				GCC_C_LANGUAGE_STANDARD = gnu99;
				GCC_NO_COMMON_BLOCKS = YES;
				GCC_WARN_64_TO_32_BIT_CONVERSION = YES;
				GCC_WARN_ABOUT_RETURN_TYPE = YES_ERROR;
				GCC_WARN_UNDECLARED_SELECTOR = YES;
				GCC_WARN_UNINITIALIZED_AUTOS = YES_AGGRESSIVE;
				GCC_WARN_UNUSED_FUNCTION = YES;
				GCC_WARN_UNUSED_VARIABLE = YES;
				IPHONEOS_DEPLOYMENT_TARGET = 9.2;
				MTL_ENABLE_DEBUG_INFO = NO;
				SDKROOT = iphoneos;
				TARGETED_DEVICE_FAMILY = "1,2";
				VALIDATE_PRODUCT = YES;
			};
			name = Release;
		};
		41D872F91E1BEEE000A0C171 /* Debug */ = {
			isa = XCBuildConfiguration;
			buildSettings = {
				ASSETCATALOG_COMPILER_APPICON_NAME = AppIcon;
				INFOPLIST_FILE = "103--baisibudejie/Info.plist";
				LD_RUNPATH_SEARCH_PATHS = "$(inherited) @executable_path/Frameworks";
				PRODUCT_BUNDLE_IDENTIFIER = "MP.-03--baisibudejie";
				PRODUCT_NAME = "$(TARGET_NAME)";
				TARGETED_DEVICE_FAMILY = 1;
			};
			name = Debug;
		};
		41D872FA1E1BEEE000A0C171 /* Release */ = {
			isa = XCBuildConfiguration;
			buildSettings = {
				ASSETCATALOG_COMPILER_APPICON_NAME = AppIcon;
				INFOPLIST_FILE = "103--baisibudejie/Info.plist";
				LD_RUNPATH_SEARCH_PATHS = "$(inherited) @executable_path/Frameworks";
				PRODUCT_BUNDLE_IDENTIFIER = "MP.-03--baisibudejie";
				PRODUCT_NAME = "$(TARGET_NAME)";
				TARGETED_DEVICE_FAMILY = 1;
			};
			name = Release;
		};
		41D872FC1E1BEEE000A0C171 /* Debug */ = {
			isa = XCBuildConfiguration;
			buildSettings = {
				INFOPLIST_FILE = "103--baisibudejieUITests/Info.plist";
				LD_RUNPATH_SEARCH_PATHS = "$(inherited) @executable_path/Frameworks @loader_path/Frameworks";
				PRODUCT_BUNDLE_IDENTIFIER = "MP.-03--baisibudejieUITests";
				PRODUCT_NAME = "$(TARGET_NAME)";
				TEST_TARGET_NAME = "103--baisibudejie";
				USES_XCTRUNNER = YES;
			};
			name = Debug;
		};
		41D872FD1E1BEEE000A0C171 /* Release */ = {
			isa = XCBuildConfiguration;
			buildSettings = {
				INFOPLIST_FILE = "103--baisibudejieUITests/Info.plist";
				LD_RUNPATH_SEARCH_PATHS = "$(inherited) @executable_path/Frameworks @loader_path/Frameworks";
				PRODUCT_BUNDLE_IDENTIFIER = "MP.-03--baisibudejieUITests";
				PRODUCT_NAME = "$(TARGET_NAME)";
				TEST_TARGET_NAME = "103--baisibudejie";
				USES_XCTRUNNER = YES;
			};
			name = Release;
		};
/* End XCBuildConfiguration section */

/* Begin XCConfigurationList section */
		41D872D11E1BEEE000A0C171 /* Build configuration list for PBXProject "103--baisibudejie" */ = {
			isa = XCConfigurationList;
			buildConfigurations = (
				41D872F61E1BEEE000A0C171 /* Debug */,
				41D872F71E1BEEE000A0C171 /* Release */,
			);
			defaultConfigurationIsVisible = 0;
			defaultConfigurationName = Release;
		};
		41D872F81E1BEEE000A0C171 /* Build configuration list for PBXNativeTarget "103--baisibudejie" */ = {
			isa = XCConfigurationList;
			buildConfigurations = (
				41D872F91E1BEEE000A0C171 /* Debug */,
				41D872FA1E1BEEE000A0C171 /* Release */,
			);
			defaultConfigurationIsVisible = 0;
		};
		41D872FB1E1BEEE000A0C171 /* Build configuration list for PBXNativeTarget "103--baisibudejieUITests" */ = {
			isa = XCConfigurationList;
			buildConfigurations = (
				41D872FC1E1BEEE000A0C171 /* Debug */,
				41D872FD1E1BEEE000A0C171 /* Release */,
			);
			defaultConfigurationIsVisible = 0;
		};
/* End XCConfigurationList section */
	};
	rootObject = 41D872CE1E1BEEE000A0C171 /* Project object */;
}
